
Microsoft Visual Studio Solution File, Format Version 12.00
# Visual Studio Version 17
VisualStudioVersion = 17.9.34728.123
MinimumVisualStudioVersion = 10.0.40219.1
Project("{9A19103F-16F7-4668-BE54-9A1E7A4F7556}") = "UserManagementApp", "UserManagementApp\UserManagementApp.csproj", "{2338F44A-046D-4C78-B80A-C863CDAC6956}"
EndProject
Project("{2150E333-8FDC-42A3-9474-1A3956D46DE8}") = "Solution Items", "Solution Items", "{896D9164-8F24-42EF-A5B7-C76ED4FBD081}"
	ProjectSection(SolutionItems) = preProject
		.editorconfig = .editorconfig
	EndProjectSection
EndProject
Global
	GlobalSection(SolutionConfigurationPlatforms) = preSolution
		Debug|Any CPU = Debug|Any CPU
		Release|Any CPU = Release|Any CPU
	EndGlobalSection
	GlobalSection(ProjectConfigurationPlatforms) = postSolution
		{2338F44A-046D-4C78-B80A-C863CDAC6956}.Debug|Any CPU.ActiveCfg = Debug|Any CPU
		{2338F44A-046D-4C78-B80A-C863CDAC6956}.Debug|Any CPU.Build.0 = Debug|Any CPU
		{2338F44A-046D-4C78-B80A-C863CDAC6956}.Release|Any CPU.ActiveCfg = Release|Any CPU
		{2338F44A-046D-4C78-B80A-C863CDAC6956}.Release|Any CPU.Build.0 = Release|Any CPU
	EndGlobalSection
	GlobalSection(SolutionProperties) = preSolution
		HideSolutionNode = FALSE
	EndGlobalSection
	GlobalSection(ExtensibilityGlobals) = postSolution
		SolutionGuid = {D64A4E2C-910F-4466-B111-11D659E858A4}
	EndGlobalSection
EndGlobal
